
Microsoft Visual Studio Solution File, Format Version 12.00
# Visual Studio Version 17
VisualStudioVersion = 17.3.32929.385
MinimumVisualStudioVersion = 10.0.40219.1
Project("{9A19103F-16F7-4668-BE54-9A1E7A4F7556}") = "10-removeCodeBlock", "10-removeCodeBlock.csproj", "{0DE3F76A-9639-4E2E-A542-2CDE3E8CA6C6}"
EndProject
Global
	GlobalSection(SolutionConfigurationPlatforms) = preSolution
		Debug|Any CPU = Debug|Any CPU
		Release|Any CPU = Release|Any CPU
	EndGlobalSection
	GlobalSection(ProjectConfigurationPlatforms) = postSolution
		{0DE3F76A-9639-4E2E-A542-2CDE3E8CA6C6}.Debug|Any CPU.ActiveCfg = Debug|Any CPU
		{0DE3F76A-9639-4E2E-A542-2CDE3E8CA6C6}.Debug|Any CPU.Build.0 = Debug|Any CPU
		{0DE3F76A-9639-4E2E-A542-2CDE3E8CA6C6}.Release|Any CPU.ActiveCfg = Release|Any CPU
		{0DE3F76A-9639-4E2E-A542-2CDE3E8CA6C6}.Release|Any CPU.Build.0 = Release|Any CPU
	EndGlobalSection
	GlobalSection(SolutionProperties) = preSolution
		HideSolutionNode = FALSE
	EndGlobalSection
	GlobalSection(ExtensibilityGlobals) = postSolution
		SolutionGuid = {D5882349-B356-45B3-8383-F5019CCE30A9}
	EndGlobalSection
EndGlobal
